{
  "name": "pro101crupto",
  "version": "1.0.1",
  "lockfileVersion": 3,
  "requires": true,
  "packages": {
    "": {
      "name": "pro101crupto",
      "version": "1.0.0",
      "license": "MIT",
      "dependencies": {
        "pro100crupto": "^1.0.0"
      }
    },
    "node_modules/pro100crupto": {
      "version": "1.0.0",
      "resolved": "https://registry.npmjs.org/pro100crupto/-/pro100crupto-1.0.0.tgz",
      "integrity": "sha512-6W60uM/oWl+zxCi0PigpcLj2iHEVLYG0xY5iQxTlLzorPGDBl6AKOeU4OAFc1dbIHYT/NhNho+nwJcHMvgwGyQ=="
    }
  }
}
